
Microsoft Visual Studio Solution File, Format Version 12.00
# Visual Studio Version 17
VisualStudioVersion = 17.3.32929.385
MinimumVisualStudioVersion = 10.0.40219.1
Project("{FAE04EC0-301F-11D3-BF4B-00C04F79EFBC}") = "Model", "Model\Model.csproj", "{5AE37AED-AD0D-4A4D-B1D5-24FDDCF026D3}"
EndProject
Project("{FAE04EC0-301F-11D3-BF4B-00C04F79EFBC}") = "BookModelTests", "BookModelTests\BookModelTests.csproj", "{ADD2322E-6AB9-44DA-8E20-49348CF44A58}"
EndProject
Global
	GlobalSection(SolutionConfigurationPlatforms) = preSolution
		Debug|Any CPU = Debug|Any CPU
		Release|Any CPU = Release|Any CPU
	EndGlobalSection
	GlobalSection(ProjectConfigurationPlatforms) = postSolution
		{5AE37AED-AD0D-4A4D-B1D5-24FDDCF026D3}.Debug|Any CPU.ActiveCfg = Debug|Any CPU
		{5AE37AED-AD0D-4A4D-B1D5-24FDDCF026D3}.Debug|Any CPU.Build.0 = Debug|Any CPU
		{5AE37AED-AD0D-4A4D-B1D5-24FDDCF026D3}.Release|Any CPU.ActiveCfg = Release|Any CPU
		{5AE37AED-AD0D-4A4D-B1D5-24FDDCF026D3}.Release|Any CPU.Build.0 = Release|Any CPU
		{ADD2322E-6AB9-44DA-8E20-49348CF44A58}.Debug|Any CPU.ActiveCfg = Debug|Any CPU
		{ADD2322E-6AB9-44DA-8E20-49348CF44A58}.Debug|Any CPU.Build.0 = Debug|Any CPU
		{ADD2322E-6AB9-44DA-8E20-49348CF44A58}.Release|Any CPU.ActiveCfg = Release|Any CPU
		{ADD2322E-6AB9-44DA-8E20-49348CF44A58}.Release|Any CPU.Build.0 = Release|Any CPU
	EndGlobalSection
	GlobalSection(SolutionProperties) = preSolution
		HideSolutionNode = FALSE
	EndGlobalSection
	GlobalSection(ExtensibilityGlobals) = postSolution
		SolutionGuid = {F81CB2A3-A489-419F-B4CF-17EA46EFD06B}
	EndGlobalSection
EndGlobal
